
Microsoft Visual Studio Solution File, Format Version 12.00
# Visual Studio 15
VisualStudioVersion = 15.0.28307.489
MinimumVisualStudioVersion = 10.0.40219.1
Project("{FAE04EC0-301F-11D3-BF4B-00C04F79EFBC}") = "Icebox", "Icebox\Icebox.csproj", "{008227C3-FADA-45CB-BDF5-54B58486CE3A}"
EndProject
Global
	GlobalSection(SolutionConfigurationPlatforms) = preSolution
		Debug|Any CPU = Debug|Any CPU
		Release|Any CPU = Release|Any CPU
	EndGlobalSection
	GlobalSection(ProjectConfigurationPlatforms) = postSolution
		{008227C3-FADA-45CB-BDF5-54B58486CE3A}.Debug|Any CPU.ActiveCfg = Debug|Any CPU
		{008227C3-FADA-45CB-BDF5-54B58486CE3A}.Debug|Any CPU.Build.0 = Debug|Any CPU
		{008227C3-FADA-45CB-BDF5-54B58486CE3A}.Release|Any CPU.ActiveCfg = Release|Any CPU
		{008227C3-FADA-45CB-BDF5-54B58486CE3A}.Release|Any CPU.Build.0 = Release|Any CPU
	EndGlobalSection
	GlobalSection(SolutionProperties) = preSolution
		HideSolutionNode = FALSE
	EndGlobalSection
	GlobalSection(ExtensibilityGlobals) = postSolution
		SolutionGuid = {8B590439-F1B1-40E2-B65F-52BDFA8F4908}
	EndGlobalSection
EndGlobal
